
Microsoft Visual Studio Solution File, Format Version 12.00
# Visual Studio 15
VisualStudioVersion = 15.0.26430.16
MinimumVisualStudioVersion = 10.0.40219.1
Project("{9A19103F-16F7-4668-BE54-9A1E7A4F7556}") = "BotApplicationCoreNETFramework", "BotApplicationCoreNETFramework\BotApplicationCoreNETFramework.csproj", "{6ADBF495-106B-403D-984E-83FFE549C5E9}"
EndProject
Project("{2150E333-8FDC-42A3-9474-1A3956D46DE8}") = "Images", "Images", "{E7A316B9-2634-4B77-B82A-11A621B35353}"
	ProjectSection(SolutionItems) = preProject
		Images\__PreviewImage.png = Images\__PreviewImage.png
		Images\__TemplateIcon.png = Images\__TemplateIcon.png
	EndProjectSection
EndProject
Project("{FAE04EC0-301F-11D3-BF4B-00C04F79EFBC}") = "BotApplicationCoreNETFrameworkExtension", "BotApplicationCoreNETFrameworkExtension\BotApplicationCoreNETFrameworkExtension.csproj", "{B6C69B05-B75A-4548-856D-546A778D49A8}"
EndProject
Project("{FAE04EC0-301F-11D3-BF4B-00C04F79EFBC}") = "BotApplicationCoreNETFrameworkTemplate", "BotApplicationCoreNETFrameworkTemplate\BotApplicationCoreNETFrameworkTemplate.csproj", "{3DE837E2-BD78-4527-829F-8F6E2AE091B8}"
EndProject
Global
	GlobalSection(SolutionConfigurationPlatforms) = preSolution
		Debug|Any CPU = Debug|Any CPU
		Release|Any CPU = Release|Any CPU
	EndGlobalSection
	GlobalSection(ProjectConfigurationPlatforms) = postSolution
		{6ADBF495-106B-403D-984E-83FFE549C5E9}.Debug|Any CPU.ActiveCfg = Debug|Any CPU
		{6ADBF495-106B-403D-984E-83FFE549C5E9}.Debug|Any CPU.Build.0 = Debug|Any CPU
		{6ADBF495-106B-403D-984E-83FFE549C5E9}.Release|Any CPU.ActiveCfg = Release|Any CPU
		{6ADBF495-106B-403D-984E-83FFE549C5E9}.Release|Any CPU.Build.0 = Release|Any CPU
		{B6C69B05-B75A-4548-856D-546A778D49A8}.Debug|Any CPU.ActiveCfg = Debug|Any CPU
		{B6C69B05-B75A-4548-856D-546A778D49A8}.Debug|Any CPU.Build.0 = Debug|Any CPU
		{B6C69B05-B75A-4548-856D-546A778D49A8}.Release|Any CPU.ActiveCfg = Release|Any CPU
		{B6C69B05-B75A-4548-856D-546A778D49A8}.Release|Any CPU.Build.0 = Release|Any CPU
		{3DE837E2-BD78-4527-829F-8F6E2AE091B8}.Debug|Any CPU.ActiveCfg = Debug|Any CPU
		{3DE837E2-BD78-4527-829F-8F6E2AE091B8}.Debug|Any CPU.Build.0 = Debug|Any CPU
		{3DE837E2-BD78-4527-829F-8F6E2AE091B8}.Release|Any CPU.ActiveCfg = Release|Any CPU
		{3DE837E2-BD78-4527-829F-8F6E2AE091B8}.Release|Any CPU.Build.0 = Release|Any CPU
	EndGlobalSection
	GlobalSection(SolutionProperties) = preSolution
		HideSolutionNode = FALSE
	EndGlobalSection
EndGlobal
